
Microsoft Visual Studio Solution File, Format Version 12.00
# Visual Studio Version 16
VisualStudioVersion = 16.0.31702.278
MinimumVisualStudioVersion = 10.0.40219.1
Project("{9A19103F-16F7-4668-BE54-9A1E7A4F7556}") = "Model", "Model\Model.csproj", "{8A1E1E38-7F0C-4606-BF95-39C1862AA1E5}"
EndProject
Project("{9A19103F-16F7-4668-BE54-9A1E7A4F7556}") = "DAL", "DAL\DAL.csproj", "{7EADD709-BC11-4EEB-A45F-C1BABC673192}"
EndProject
Project("{FAE04EC0-301F-11D3-BF4B-00C04F79EFBC}") = "Skelp", "Skelp\Skelp.csproj", "{DCDB2415-4819-4937-ADD1-9A098CA94A30}"
EndProject
Global
	GlobalSection(SolutionConfigurationPlatforms) = preSolution
		Debug|Any CPU = Debug|Any CPU
		Release|Any CPU = Release|Any CPU
	EndGlobalSection
	GlobalSection(ProjectConfigurationPlatforms) = postSolution
		{8A1E1E38-7F0C-4606-BF95-39C1862AA1E5}.Debug|Any CPU.ActiveCfg = Debug|Any CPU
		{8A1E1E38-7F0C-4606-BF95-39C1862AA1E5}.Debug|Any CPU.Build.0 = Debug|Any CPU
		{8A1E1E38-7F0C-4606-BF95-39C1862AA1E5}.Release|Any CPU.ActiveCfg = Release|Any CPU
		{8A1E1E38-7F0C-4606-BF95-39C1862AA1E5}.Release|Any CPU.Build.0 = Release|Any CPU
		{7EADD709-BC11-4EEB-A45F-C1BABC673192}.Debug|Any CPU.ActiveCfg = Debug|Any CPU
		{7EADD709-BC11-4EEB-A45F-C1BABC673192}.Debug|Any CPU.Build.0 = Debug|Any CPU
		{7EADD709-BC11-4EEB-A45F-C1BABC673192}.Release|Any CPU.ActiveCfg = Release|Any CPU
		{7EADD709-BC11-4EEB-A45F-C1BABC673192}.Release|Any CPU.Build.0 = Release|Any CPU
		{DCDB2415-4819-4937-ADD1-9A098CA94A30}.Debug|Any CPU.ActiveCfg = Debug|Any CPU
		{DCDB2415-4819-4937-ADD1-9A098CA94A30}.Debug|Any CPU.Build.0 = Debug|Any CPU
		{DCDB2415-4819-4937-ADD1-9A098CA94A30}.Release|Any CPU.ActiveCfg = Release|Any CPU
		{DCDB2415-4819-4937-ADD1-9A098CA94A30}.Release|Any CPU.Build.0 = Release|Any CPU
	EndGlobalSection
	GlobalSection(SolutionProperties) = preSolution
		HideSolutionNode = FALSE
	EndGlobalSection
	GlobalSection(ExtensibilityGlobals) = postSolution
		SolutionGuid = {43C8067D-E72F-4A7D-9A50-4BF1C3AB94AE}
	EndGlobalSection
EndGlobal
